
Microsoft Visual Studio Solution File, Format Version 12.00
# Visual Studio 15
VisualStudioVersion = 15.0.26730.12
MinimumVisualStudioVersion = 10.0.40219.1
Project("{9A19103F-16F7-4668-BE54-9A1E7A4F7556}") = "Todo.Mvc.Ui", "Todo.Mvc.Ui\Todo.Mvc.Ui.csproj", "{DE2AD28C-0E37-4AE4-AF38-995F23EF0157}"
EndProject
Global
	GlobalSection(SolutionConfigurationPlatforms) = preSolution
		Debug|Any CPU = Debug|Any CPU
		Release|Any CPU = Release|Any CPU
	EndGlobalSection
	GlobalSection(ProjectConfigurationPlatforms) = postSolution
		{DE2AD28C-0E37-4AE4-AF38-995F23EF0157}.Debug|Any CPU.ActiveCfg = Debug|Any CPU
		{DE2AD28C-0E37-4AE4-AF38-995F23EF0157}.Debug|Any CPU.Build.0 = Debug|Any CPU
		{DE2AD28C-0E37-4AE4-AF38-995F23EF0157}.Release|Any CPU.ActiveCfg = Release|Any CPU
		{DE2AD28C-0E37-4AE4-AF38-995F23EF0157}.Release|Any CPU.Build.0 = Release|Any CPU
	EndGlobalSection
	GlobalSection(SolutionProperties) = preSolution
		HideSolutionNode = FALSE
	EndGlobalSection
	GlobalSection(ExtensibilityGlobals) = postSolution
		SolutionGuid = {9FF09173-0188-49F8-8056-8B01CCF3CF28}
	EndGlobalSection
EndGlobal
